# This file is automatically @generated by Cargo.
# It is not intended for manual editing.
[[package]]
name = "cfg-if"
version = "0.1.10"
source = "registry+https://github.com/rust-lang/crates.io-index"
checksum = "4785bdd1c96b2a846b2bd7cc02e86b6b3dbf14e7e53446c4f54c92a361040822"

[[package]]
name = "cty"
version = "0.2.1"
source = "registry+https://github.com/rust-lang/crates.io-index"
checksum = "7313c0d620d0cb4dbd9d019e461a4beb501071ff46ec0ab933efb4daa76d73e3"

[[package]]
name = "log"
version = "0.4.8"
source = "registry+https://github.com/rust-lang/crates.io-index"
checksum = "14b6052be84e6b71ab17edffc2eeabf5c2c3ae1fdb464aae35ac50c67a44e1f7"
dependencies = [
 "cfg-if",
]

[[package]]
name = "ocaml"
version = "0.14.2"
source = "registry+https://github.com/rust-lang/crates.io-index"
checksum = "684ff0fe8d224e7bc3eb9d5c70d97821d90b6f4986fd4c618a1f8b0b2c14d61d"
dependencies = [
 "ocaml-derive",
 "ocaml-sys",
]

[[package]]
name = "ocaml-derive"
version = "0.14.0"
source = "registry+https://github.com/rust-lang/crates.io-index"
checksum = "879a811ab5c76f341e98063407264153af3a2c8b1f7c4738d4cd90c5aeb30446"
dependencies = [
 "proc-macro2",
 "quote",
 "syn",
 "synstructure",
]

[[package]]
name = "ocaml-sys"
version = "0.14.0"
source = "registry+https://github.com/rust-lang/crates.io-index"
checksum = "b9aeade7aa1f166a4224ef6a04e22878899ddcb22b4725a3fa22eb00fd8e2d7d"
dependencies = [
 "cty",
]

[[package]]
name = "proc-macro2"
version = "1.0.15"
source = "registry+https://github.com/rust-lang/crates.io-index"
checksum = "70a50b9351bfa8d65a7d93ce712dc63d2fd15ddbf2c36990fc7cac344859c04f"
dependencies = [
 "unicode-xid",
]

[[package]]
name = "quote"
version = "1.0.6"
source = "registry+https://github.com/rust-lang/crates.io-index"
checksum = "54a21852a652ad6f610c9510194f398ff6f8692e334fd1145fed931f7fbe44ea"
dependencies = [
 "proc-macro2",
]

[[package]]
name = "syn"
version = "1.0.23"
source = "registry+https://github.com/rust-lang/crates.io-index"
checksum = "95b5f192649e48a5302a13f2feb224df883b98933222369e4b3b0fe2a5447269"
dependencies = [
 "proc-macro2",
 "quote",
 "unicode-xid",
]

[[package]]
name = "synstructure"
version = "0.12.3"
source = "registry+https://github.com/rust-lang/crates.io-index"
checksum = "67656ea1dc1b41b1451851562ea232ec2e5a80242139f7e679ceccfb5d61f545"
dependencies = [
 "proc-macro2",
 "quote",
 "syn",
 "unicode-xid",
]

[[package]]
name = "trustee"
version = "0.1.0"
source = "git+https://github.com/c-cube/trustee.git#8313467e5d5766c6c76a51c7fac163ae12b520f0"
dependencies = [
 "log",
]

[[package]]
name = "trustee-stubs"
version = "0.1.0"
dependencies = [
 "ocaml",
 "trustee",
 "trustee_opentheory",
]

[[package]]
name = "trustee_opentheory"
version = "0.1.0"
source = "git+https://github.com/c-cube/trustee.git#8313467e5d5766c6c76a51c7fac163ae12b520f0"
dependencies = [
 "trustee",
]

[[package]]
name = "unicode-xid"
version = "0.2.0"
source = "registry+https://github.com/rust-lang/crates.io-index"
checksum = "826e7639553986605ec5979c7dd957c7895e93eabed50ab2ffa7f6128a75097c"
