# This file is automatically @generated by Cargo.
# It is not intended for manual editing.
[[package]]
name = "cty"
version = "0.2.1"
source = "registry+https://github.com/rust-lang/crates.io-index"
checksum = "7313c0d620d0cb4dbd9d019e461a4beb501071ff46ec0ab933efb4daa76d73e3"

[[package]]
name = "ocaml"
version = "0.12.4"
source = "registry+https://github.com/rust-lang/crates.io-index"
checksum = "a600da5f6582d886b9ed5a75d0e6253ac39e861b256735b62dfb52efa504a021"
dependencies = [
 "ocaml-derive",
 "ocaml-sys",
]

[[package]]
name = "ocaml-derive"
version = "0.12.1"
source = "registry+https://github.com/rust-lang/crates.io-index"
checksum = "6efa8c847c2e7b90c12a20015b899f82f0b227779b3d4cedd4c26f7379158448"
dependencies = [
 "proc-macro2",
 "quote",
 "syn",
 "synstructure",
]

[[package]]
name = "ocaml-sys"
version = "0.12.2"
source = "registry+https://github.com/rust-lang/crates.io-index"
checksum = "147f701c6167b9dbcb38df017c274f8c09118727560a589241dc398596af42ab"
dependencies = [
 "cty",
]

[[package]]
name = "proc-macro2"
version = "1.0.15"
source = "registry+https://github.com/rust-lang/crates.io-index"
checksum = "70a50b9351bfa8d65a7d93ce712dc63d2fd15ddbf2c36990fc7cac344859c04f"
dependencies = [
 "unicode-xid",
]

[[package]]
name = "quote"
version = "1.0.6"
source = "registry+https://github.com/rust-lang/crates.io-index"
checksum = "54a21852a652ad6f610c9510194f398ff6f8692e334fd1145fed931f7fbe44ea"
dependencies = [
 "proc-macro2",
]

[[package]]
name = "syn"
version = "1.0.23"
source = "registry+https://github.com/rust-lang/crates.io-index"
checksum = "95b5f192649e48a5302a13f2feb224df883b98933222369e4b3b0fe2a5447269"
dependencies = [
 "proc-macro2",
 "quote",
 "unicode-xid",
]

[[package]]
name = "synstructure"
version = "0.12.3"
source = "registry+https://github.com/rust-lang/crates.io-index"
checksum = "67656ea1dc1b41b1451851562ea232ec2e5a80242139f7e679ceccfb5d61f545"
dependencies = [
 "proc-macro2",
 "quote",
 "syn",
 "unicode-xid",
]

[[package]]
name = "trustee"
version = "0.1.0"

[[package]]
name = "trustee-stubs"
version = "0.1.0"
dependencies = [
 "ocaml",
 "trustee",
]

[[package]]
name = "unicode-xid"
version = "0.2.0"
source = "registry+https://github.com/rust-lang/crates.io-index"
checksum = "826e7639553986605ec5979c7dd957c7895e93eabed50ab2ffa7f6128a75097c"
